
Microsoft Visual Studio Solution File, Format Version 12.00
# 
Project("{FAE04EC0-301F-11D3-BF4B-00C04F79EFBC}") = "DotnetRaylibWasm", "DotnetRaylibWasm\DotnetRaylibWasm.csproj", "{DDF2D496-328C-4ECA-957D-911351873B66}"
EndProject
Project("{FAE04EC0-301F-11D3-BF4B-00C04F79EFBC}") = "Examples", "Examples\Examples.csproj", "{4EDD212F-A3CE-4E3B-A8C8-6EF59158DA43}"
EndProject
Global
	GlobalSection(SolutionConfigurationPlatforms) = preSolution
		Debug|Any CPU = Debug|Any CPU
		Release|Any CPU = Release|Any CPU
	EndGlobalSection
	GlobalSection(ProjectConfigurationPlatforms) = postSolution
		{DDF2D496-328C-4ECA-957D-911351873B66}.Debug|Any CPU.ActiveCfg = Debug|Any CPU
		{DDF2D496-328C-4ECA-957D-911351873B66}.Debug|Any CPU.Build.0 = Debug|Any CPU
		{DDF2D496-328C-4ECA-957D-911351873B66}.Release|Any CPU.ActiveCfg = Release|Any CPU
		{DDF2D496-328C-4ECA-957D-911351873B66}.Release|Any CPU.Build.0 = Release|Any CPU
		{4EDD212F-A3CE-4E3B-A8C8-6EF59158DA43}.Debug|Any CPU.ActiveCfg = Debug|Any CPU
		{4EDD212F-A3CE-4E3B-A8C8-6EF59158DA43}.Debug|Any CPU.Build.0 = Debug|Any CPU
		{4EDD212F-A3CE-4E3B-A8C8-6EF59158DA43}.Release|Any CPU.ActiveCfg = Release|Any CPU
		{4EDD212F-A3CE-4E3B-A8C8-6EF59158DA43}.Release|Any CPU.Build.0 = Release|Any CPU
	EndGlobalSection
EndGlobal
